
Microsoft Visual Studio Solution File, Format Version 12.00
# Visual Studio Version 16
VisualStudioVersion = 16.0.29102.190
MinimumVisualStudioVersion = 10.0.40219.1
Project("{9A19103F-16F7-4668-BE54-9A1E7A4F7556}") = "hello", "hello.csproj", "{F8D53702-8723-42AA-A016-D64673525BCF}"
EndProject
Global
	GlobalSection(SolutionConfigurationPlatforms) = preSolution
		Debug|Any CPU = Debug|Any CPU
		Release|Any CPU = Release|Any CPU
	EndGlobalSection
	GlobalSection(ProjectConfigurationPlatforms) = postSolution
		{F8D53702-8723-42AA-A016-D64673525BCF}.Debug|Any CPU.ActiveCfg = Debug|Any CPU
		{F8D53702-8723-42AA-A016-D64673525BCF}.Debug|Any CPU.Build.0 = Debug|Any CPU
		{F8D53702-8723-42AA-A016-D64673525BCF}.Release|Any CPU.ActiveCfg = Release|Any CPU
		{F8D53702-8723-42AA-A016-D64673525BCF}.Release|Any CPU.Build.0 = Release|Any CPU
	EndGlobalSection
	GlobalSection(SolutionProperties) = preSolution
		HideSolutionNode = FALSE
	EndGlobalSection
	GlobalSection(ExtensibilityGlobals) = postSolution
		SolutionGuid = {32A9BD1B-33F8-4221-946C-AC688149F584}
	EndGlobalSection
EndGlobal
